
Microsoft Visual Studio Solution File, Format Version 12.00
# Visual Studio Version 17
VisualStudioVersion = 17.13.35828.75 d17.13
MinimumVisualStudioVersion = 10.0.40219.1
Project("{FAE04EC0-301F-11D3-BF4B-00C04F79EFBC}") = "KMS registration", "KMS registration\KMS registration.csproj", "{FCBFFADB-C776-4B01-9A81-B17ED2E1DEAC}"
EndProject
Global
	GlobalSection(SolutionConfigurationPlatforms) = preSolution
		Debug|Any CPU = Debug|Any CPU
		Release|Any CPU = Release|Any CPU
	EndGlobalSection
	GlobalSection(ProjectConfigurationPlatforms) = postSolution
		{FCBFFADB-C776-4B01-9A81-B17ED2E1DEAC}.Debug|Any CPU.ActiveCfg = Debug|Any CPU
		{FCBFFADB-C776-4B01-9A81-B17ED2E1DEAC}.Debug|Any CPU.Build.0 = Debug|Any CPU
		{FCBFFADB-C776-4B01-9A81-B17ED2E1DEAC}.Release|Any CPU.ActiveCfg = Release|Any CPU
		{FCBFFADB-C776-4B01-9A81-B17ED2E1DEAC}.Release|Any CPU.Build.0 = Release|Any CPU
	EndGlobalSection
	GlobalSection(SolutionProperties) = preSolution
		HideSolutionNode = FALSE
	EndGlobalSection
	GlobalSection(ExtensibilityGlobals) = postSolution
		SolutionGuid = {E506BF45-3F34-4157-A02A-FD4E1F52B49B}
	EndGlobalSection
EndGlobal
